
Microsoft Visual Studio Solution File, Format Version 12.00
# Visual Studio 2012
Project("{FAE04EC0-301F-11D3-BF4B-00C04F79EFBC}") = "properties_of_the_interface", "properties_of_the_interface\properties_of_the_interface.csproj", "{DB726D3B-EBC0-404A-A1B7-17B69F12CC73}"
EndProject
Global
	GlobalSection(SolutionConfigurationPlatforms) = preSolution
		Debug|Any CPU = Debug|Any CPU
		Release|Any CPU = Release|Any CPU
	EndGlobalSection
	GlobalSection(ProjectConfigurationPlatforms) = postSolution
		{DB726D3B-EBC0-404A-A1B7-17B69F12CC73}.Debug|Any CPU.ActiveCfg = Debug|Any CPU
		{DB726D3B-EBC0-404A-A1B7-17B69F12CC73}.Debug|Any CPU.Build.0 = Debug|Any CPU
		{DB726D3B-EBC0-404A-A1B7-17B69F12CC73}.Release|Any CPU.ActiveCfg = Release|Any CPU
		{DB726D3B-EBC0-404A-A1B7-17B69F12CC73}.Release|Any CPU.Build.0 = Release|Any CPU
	EndGlobalSection
EndGlobal
